
Microsoft Visual Studio Solution File, Format Version 12.00
# Visual Studio Version 16
VisualStudioVersion = 16.0.30804.86
MinimumVisualStudioVersion = 10.0.40219.1
Project("{2150E333-8FDC-42A3-9474-1A3956D46DE8}") = "src", "src", "{3B5B5431-19BE-4DFD-9387-E99E9A51C10C}"
EndProject
Project("{2150E333-8FDC-42A3-9474-1A3956D46DE8}") = "Common", "Common", "{95F30078-EF98-4488-8D77-7C2646521341}"
EndProject
Project("{2150E333-8FDC-42A3-9474-1A3956D46DE8}") = "Services", "Services", "{837CD73B-E87C-446D-96B8-B806720DEDAF}"
EndProject
Project("{2150E333-8FDC-42A3-9474-1A3956D46DE8}") = "Web", "Web", "{E4C377E4-B90E-4911-861D-0EAAE04EF511}"
EndProject
Project("{9A19103F-16F7-4668-BE54-9A1E7A4F7556}") = "Core", "src\Common\Core\Core.csproj", "{1E26B19A-7CA1-4CE9-A944-54EA0CD3DF3A}"
EndProject
Project("{9A19103F-16F7-4668-BE54-9A1E7A4F7556}") = "Infrastructure", "src\Common\Infrastructure\Infrastructure.csproj", "{127A8CA9-571F-4C62-932F-41D2886D765A}"
EndProject
Project("{2150E333-8FDC-42A3-9474-1A3956D46DE8}") = "ProductCatalog", "ProductCatalog", "{1D964250-C613-46F1-BB91-DF6D4628D043}"
EndProject
Project("{9A19103F-16F7-4668-BE54-9A1E7A4F7556}") = "ProductCatalog.Core", "src\Services\ProductCatalog\ProductCatalog.Core\ProductCatalog.Core.csproj", "{F9A6CB1D-DD29-4359-B9F9-7864F452AB9F}"
EndProject
Project("{9A19103F-16F7-4668-BE54-9A1E7A4F7556}") = "ProductCatalog.Infrastructure", "src\Services\ProductCatalog\ProductCatalog.Infrastructure\ProductCatalog.Infrastructure.csproj", "{497871A7-A924-4568-8867-F4D4B5FFB1F7}"
EndProject
Project("{9A19103F-16F7-4668-BE54-9A1E7A4F7556}") = "ProductCatalog.Application", "src\Services\ProductCatalog\ProductCatalog.Application\ProductCatalog.Application.csproj", "{41193060-6A29-4D1C-92FD-43780DEA8F42}"
EndProject
Project("{9A19103F-16F7-4668-BE54-9A1E7A4F7556}") = "ProductCatalog.Api", "src\Services\ProductCatalog\ProductCatalog.Api\ProductCatalog.Api.csproj", "{F3425907-514B-4CAB-97E1-A1EF938FCF8C}"
EndProject
Project("{9A19103F-16F7-4668-BE54-9A1E7A4F7556}") = "ProductCatalog.Test", "src\Services\ProductCatalog\ProductCatalog.Test\ProductCatalog.Test.csproj", "{6948A721-E005-4AA2-BE20-BCFD98E70DF1}"
EndProject
Project("{2150E333-8FDC-42A3-9474-1A3956D46DE8}") = "UserAuthentication", "UserAuthentication", "{250233FE-635E-494B-B88F-9B7CAEFC8216}"
EndProject
Project("{9A19103F-16F7-4668-BE54-9A1E7A4F7556}") = "UserAuthentication.Core", "src\Services\UserAuthentication\UserAuthentication.Core\UserAuthentication.Core.csproj", "{36FC2462-963B-4A45-9E8B-FDF97A4829FE}"
EndProject
Project("{9A19103F-16F7-4668-BE54-9A1E7A4F7556}") = "UserAuthentication.Infrastructure", "src\Services\UserAuthentication\UserAuthentication.Infrastructure\UserAuthentication.Infrastructure.csproj", "{BC1B2CFA-0160-4808-A4A6-2E9FCE90FC4A}"
EndProject
Project("{9A19103F-16F7-4668-BE54-9A1E7A4F7556}") = "UserAuthentication.Api", "src\Services\UserAuthentication\UserAuthentication.Api\UserAuthentication.Api.csproj", "{5ED8ECD1-A38D-4FDD-B919-D0D3D5239D8C}"
EndProject
Project("{FAE04EC0-301F-11D3-BF4B-00C04F79EFBC}") = "Shop", "src\Web\Shop\Shop.csproj", "{29B7525B-1BBD-448B-983B-0AD432AAD4B0}"
EndProject
Global
	GlobalSection(SolutionConfigurationPlatforms) = preSolution
		Debug|Any CPU = Debug|Any CPU
		Release|Any CPU = Release|Any CPU
	EndGlobalSection
	GlobalSection(ProjectConfigurationPlatforms) = postSolution
		{1E26B19A-7CA1-4CE9-A944-54EA0CD3DF3A}.Debug|Any CPU.ActiveCfg = Debug|Any CPU
		{1E26B19A-7CA1-4CE9-A944-54EA0CD3DF3A}.Debug|Any CPU.Build.0 = Debug|Any CPU
		{1E26B19A-7CA1-4CE9-A944-54EA0CD3DF3A}.Release|Any CPU.ActiveCfg = Release|Any CPU
		{1E26B19A-7CA1-4CE9-A944-54EA0CD3DF3A}.Release|Any CPU.Build.0 = Release|Any CPU
		{127A8CA9-571F-4C62-932F-41D2886D765A}.Debug|Any CPU.ActiveCfg = Debug|Any CPU
		{127A8CA9-571F-4C62-932F-41D2886D765A}.Debug|Any CPU.Build.0 = Debug|Any CPU
		{127A8CA9-571F-4C62-932F-41D2886D765A}.Release|Any CPU.ActiveCfg = Release|Any CPU
		{127A8CA9-571F-4C62-932F-41D2886D765A}.Release|Any CPU.Build.0 = Release|Any CPU
		{F9A6CB1D-DD29-4359-B9F9-7864F452AB9F}.Debug|Any CPU.ActiveCfg = Debug|Any CPU
		{F9A6CB1D-DD29-4359-B9F9-7864F452AB9F}.Debug|Any CPU.Build.0 = Debug|Any CPU
		{F9A6CB1D-DD29-4359-B9F9-7864F452AB9F}.Release|Any CPU.ActiveCfg = Release|Any CPU
		{F9A6CB1D-DD29-4359-B9F9-7864F452AB9F}.Release|Any CPU.Build.0 = Release|Any CPU
		{497871A7-A924-4568-8867-F4D4B5FFB1F7}.Debug|Any CPU.ActiveCfg = Debug|Any CPU
		{497871A7-A924-4568-8867-F4D4B5FFB1F7}.Debug|Any CPU.Build.0 = Debug|Any CPU
		{497871A7-A924-4568-8867-F4D4B5FFB1F7}.Release|Any CPU.ActiveCfg = Release|Any CPU
		{497871A7-A924-4568-8867-F4D4B5FFB1F7}.Release|Any CPU.Build.0 = Release|Any CPU
		{41193060-6A29-4D1C-92FD-43780DEA8F42}.Debug|Any CPU.ActiveCfg = Debug|Any CPU
		{41193060-6A29-4D1C-92FD-43780DEA8F42}.Debug|Any CPU.Build.0 = Debug|Any CPU
		{41193060-6A29-4D1C-92FD-43780DEA8F42}.Release|Any CPU.ActiveCfg = Release|Any CPU
		{41193060-6A29-4D1C-92FD-43780DEA8F42}.Release|Any CPU.Build.0 = Release|Any CPU
		{F3425907-514B-4CAB-97E1-A1EF938FCF8C}.Debug|Any CPU.ActiveCfg = Debug|Any CPU
		{F3425907-514B-4CAB-97E1-A1EF938FCF8C}.Debug|Any CPU.Build.0 = Debug|Any CPU
		{F3425907-514B-4CAB-97E1-A1EF938FCF8C}.Release|Any CPU.ActiveCfg = Release|Any CPU
		{F3425907-514B-4CAB-97E1-A1EF938FCF8C}.Release|Any CPU.Build.0 = Release|Any CPU
		{6948A721-E005-4AA2-BE20-BCFD98E70DF1}.Debug|Any CPU.ActiveCfg = Debug|Any CPU
		{6948A721-E005-4AA2-BE20-BCFD98E70DF1}.Debug|Any CPU.Build.0 = Debug|Any CPU
		{6948A721-E005-4AA2-BE20-BCFD98E70DF1}.Release|Any CPU.ActiveCfg = Release|Any CPU
		{6948A721-E005-4AA2-BE20-BCFD98E70DF1}.Release|Any CPU.Build.0 = Release|Any CPU
		{36FC2462-963B-4A45-9E8B-FDF97A4829FE}.Debug|Any CPU.ActiveCfg = Debug|Any CPU
		{36FC2462-963B-4A45-9E8B-FDF97A4829FE}.Debug|Any CPU.Build.0 = Debug|Any CPU
		{36FC2462-963B-4A45-9E8B-FDF97A4829FE}.Release|Any CPU.ActiveCfg = Release|Any CPU
		{36FC2462-963B-4A45-9E8B-FDF97A4829FE}.Release|Any CPU.Build.0 = Release|Any CPU
		{BC1B2CFA-0160-4808-A4A6-2E9FCE90FC4A}.Debug|Any CPU.ActiveCfg = Debug|Any CPU
		{BC1B2CFA-0160-4808-A4A6-2E9FCE90FC4A}.Debug|Any CPU.Build.0 = Debug|Any CPU
		{BC1B2CFA-0160-4808-A4A6-2E9FCE90FC4A}.Release|Any CPU.ActiveCfg = Release|Any CPU
		{BC1B2CFA-0160-4808-A4A6-2E9FCE90FC4A}.Release|Any CPU.Build.0 = Release|Any CPU
		{5ED8ECD1-A38D-4FDD-B919-D0D3D5239D8C}.Debug|Any CPU.ActiveCfg = Debug|Any CPU
		{5ED8ECD1-A38D-4FDD-B919-D0D3D5239D8C}.Debug|Any CPU.Build.0 = Debug|Any CPU
		{5ED8ECD1-A38D-4FDD-B919-D0D3D5239D8C}.Release|Any CPU.ActiveCfg = Release|Any CPU
		{5ED8ECD1-A38D-4FDD-B919-D0D3D5239D8C}.Release|Any CPU.Build.0 = Release|Any CPU
		{29B7525B-1BBD-448B-983B-0AD432AAD4B0}.Debug|Any CPU.ActiveCfg = Debug|Any CPU
		{29B7525B-1BBD-448B-983B-0AD432AAD4B0}.Debug|Any CPU.Build.0 = Debug|Any CPU
		{29B7525B-1BBD-448B-983B-0AD432AAD4B0}.Release|Any CPU.ActiveCfg = Release|Any CPU
		{29B7525B-1BBD-448B-983B-0AD432AAD4B0}.Release|Any CPU.Build.0 = Release|Any CPU
	EndGlobalSection
	GlobalSection(SolutionProperties) = preSolution
		HideSolutionNode = FALSE
	EndGlobalSection
	GlobalSection(NestedProjects) = preSolution
		{95F30078-EF98-4488-8D77-7C2646521341} = {3B5B5431-19BE-4DFD-9387-E99E9A51C10C}
		{837CD73B-E87C-446D-96B8-B806720DEDAF} = {3B5B5431-19BE-4DFD-9387-E99E9A51C10C}
		{E4C377E4-B90E-4911-861D-0EAAE04EF511} = {3B5B5431-19BE-4DFD-9387-E99E9A51C10C}
		{1E26B19A-7CA1-4CE9-A944-54EA0CD3DF3A} = {95F30078-EF98-4488-8D77-7C2646521341}
		{127A8CA9-571F-4C62-932F-41D2886D765A} = {95F30078-EF98-4488-8D77-7C2646521341}
		{1D964250-C613-46F1-BB91-DF6D4628D043} = {837CD73B-E87C-446D-96B8-B806720DEDAF}
		{F9A6CB1D-DD29-4359-B9F9-7864F452AB9F} = {1D964250-C613-46F1-BB91-DF6D4628D043}
		{497871A7-A924-4568-8867-F4D4B5FFB1F7} = {1D964250-C613-46F1-BB91-DF6D4628D043}
		{41193060-6A29-4D1C-92FD-43780DEA8F42} = {1D964250-C613-46F1-BB91-DF6D4628D043}
		{F3425907-514B-4CAB-97E1-A1EF938FCF8C} = {1D964250-C613-46F1-BB91-DF6D4628D043}
		{6948A721-E005-4AA2-BE20-BCFD98E70DF1} = {1D964250-C613-46F1-BB91-DF6D4628D043}
		{250233FE-635E-494B-B88F-9B7CAEFC8216} = {837CD73B-E87C-446D-96B8-B806720DEDAF}
		{36FC2462-963B-4A45-9E8B-FDF97A4829FE} = {250233FE-635E-494B-B88F-9B7CAEFC8216}
		{BC1B2CFA-0160-4808-A4A6-2E9FCE90FC4A} = {250233FE-635E-494B-B88F-9B7CAEFC8216}
		{5ED8ECD1-A38D-4FDD-B919-D0D3D5239D8C} = {250233FE-635E-494B-B88F-9B7CAEFC8216}
		{29B7525B-1BBD-448B-983B-0AD432AAD4B0} = {E4C377E4-B90E-4911-861D-0EAAE04EF511}
	EndGlobalSection
	GlobalSection(ExtensibilityGlobals) = postSolution
		SolutionGuid = {D083D3A2-B6B1-410D-BD83-E919C2854E51}
	EndGlobalSection
EndGlobal
